
Microsoft Visual Studio Solution File, Format Version 12.00
# Visual Studio Version 16
VisualStudioVersion = 16.0.31402.337
MinimumVisualStudioVersion = 10.0.40219.1
Project("{8BC9CEB8-8B4A-11D0-8D11-00A0C91BC942}") = "TAIS57", "TAIS57\TAIS57.vcxproj", "{7148305D-3930-48CA-95AE-12B4DDCE03AE}"
EndProject
Global
	GlobalSection(SolutionConfigurationPlatforms) = preSolution
		Debug|x64 = Debug|x64
		Debug|x86 = Debug|x86
		Release|x64 = Release|x64
		Release|x86 = Release|x86
	EndGlobalSection
	GlobalSection(ProjectConfigurationPlatforms) = postSolution
		{7148305D-3930-48CA-95AE-12B4DDCE03AE}.Debug|x64.ActiveCfg = Debug|x64
		{7148305D-3930-48CA-95AE-12B4DDCE03AE}.Debug|x64.Build.0 = Debug|x64
		{7148305D-3930-48CA-95AE-12B4DDCE03AE}.Debug|x86.ActiveCfg = Debug|Win32
		{7148305D-3930-48CA-95AE-12B4DDCE03AE}.Debug|x86.Build.0 = Debug|Win32
		{7148305D-3930-48CA-95AE-12B4DDCE03AE}.Release|x64.ActiveCfg = Release|x64
		{7148305D-3930-48CA-95AE-12B4DDCE03AE}.Release|x64.Build.0 = Release|x64
		{7148305D-3930-48CA-95AE-12B4DDCE03AE}.Release|x86.ActiveCfg = Release|Win32
		{7148305D-3930-48CA-95AE-12B4DDCE03AE}.Release|x86.Build.0 = Release|Win32
	EndGlobalSection
	GlobalSection(SolutionProperties) = preSolution
		HideSolutionNode = FALSE
	EndGlobalSection
	GlobalSection(ExtensibilityGlobals) = postSolution
		SolutionGuid = {A958D594-7C97-42FA-B4A8-B288FA0F550D}
	EndGlobalSection
EndGlobal
