
Microsoft Visual Studio Solution File, Format Version 12.00
# Visual Studio Version 16
VisualStudioVersion = 16.0.31402.337
MinimumVisualStudioVersion = 10.0.40219.1
Project("{8BC9CEB8-8B4A-11D0-8D11-00A0C91BC942}") = "TAIS20", "TAIS20\TAIS20.vcxproj", "{8BDBFA71-A141-4BE8-AA60-65BCE7F79FC8}"
EndProject
Global
	GlobalSection(SolutionConfigurationPlatforms) = preSolution
		Debug|x64 = Debug|x64
		Debug|x86 = Debug|x86
		Release|x64 = Release|x64
		Release|x86 = Release|x86
	EndGlobalSection
	GlobalSection(ProjectConfigurationPlatforms) = postSolution
		{8BDBFA71-A141-4BE8-AA60-65BCE7F79FC8}.Debug|x64.ActiveCfg = Debug|x64
		{8BDBFA71-A141-4BE8-AA60-65BCE7F79FC8}.Debug|x64.Build.0 = Debug|x64
		{8BDBFA71-A141-4BE8-AA60-65BCE7F79FC8}.Debug|x86.ActiveCfg = Debug|Win32
		{8BDBFA71-A141-4BE8-AA60-65BCE7F79FC8}.Debug|x86.Build.0 = Debug|Win32
		{8BDBFA71-A141-4BE8-AA60-65BCE7F79FC8}.Release|x64.ActiveCfg = Release|x64
		{8BDBFA71-A141-4BE8-AA60-65BCE7F79FC8}.Release|x64.Build.0 = Release|x64
		{8BDBFA71-A141-4BE8-AA60-65BCE7F79FC8}.Release|x86.ActiveCfg = Release|Win32
		{8BDBFA71-A141-4BE8-AA60-65BCE7F79FC8}.Release|x86.Build.0 = Release|Win32
	EndGlobalSection
	GlobalSection(SolutionProperties) = preSolution
		HideSolutionNode = FALSE
	EndGlobalSection
	GlobalSection(ExtensibilityGlobals) = postSolution
		SolutionGuid = {AB6B3ED7-6F6D-49B0-91CC-CBBF459A56E8}
	EndGlobalSection
EndGlobal
